{
    "_readme": [
        "This file locks the dependencies of your project to a known state",
        "Read more about it at http://getcomposer.org/doc/01-basic-usage.md#composer-lock-the-lock-file",
        "This file is @generated automatically"
    ],
    "hash": "bc79fe26eee0368948209e37e5d80c1c",
    "packages": [
        {
            "name": "jlogsdon/cli",
            "version": "v0.9.4-patch46",
            "source": {
                "type": "git",
                "url": "https://github.com/jlogsdon/php-cli-tools.git",
                "reference": "02d5ed4cdbab911df91bf06062c8b2705fb0919a"
            },
            "dist": {
                "type": "zip",
                "url": "https://api.github.com/repos/jlogsdon/php-cli-tools/zipball/02d5ed4cdbab911df91bf06062c8b2705fb0919a",
                "reference": "02d5ed4cdbab911df91bf06062c8b2705fb0919a",
                "shasum": ""
            },
            "require": {
                "php": ">= 5.3.0"
            },
            "type": "library",
            "autoload": {
                "psr-0": {
                    "cli": "lib/"
                },
                "files": [
                    "lib/cli/cli.php"
                ]
            },
            "notification-url": "https://packagist.org/downloads/",
            "license": [
                "MIT"
            ],
            "authors": [
                {
                    "name": "James Logsdon",
                    "email": "jlogsdon@php.net",
                    "role": "Developer"
                }
            ],
            "description": "Console utilities for PHP",
            "homepage": "http://github.com/jlogsdon/php-cli-tools",
            "keywords": [
                "cli",
                "console"
            ],
            "time": "2014-02-01 23:11:00"
        },
        {
            "name": "mustache/mustache",
            "version": "v2.7.0",
            "source": {
                "type": "git",
                "url": "https://github.com/bobthecow/mustache.php.git",
                "reference": "fdf41dd673dc99b41d60992470dbae94ae0b6ba1"
            },
            "dist": {
                "type": "zip",
                "url": "https://api.github.com/repos/bobthecow/mustache.php/zipball/fdf41dd673dc99b41d60992470dbae94ae0b6ba1",
                "reference": "fdf41dd673dc99b41d60992470dbae94ae0b6ba1",
                "shasum": ""
            },
            "require": {
                "php": ">=5.2.4"
            },
            "require-dev": {
                "phpunit/phpunit": "*"
            },
            "type": "library",
            "autoload": {
                "psr-0": {
                    "Mustache": "src/"
                }
            },
            "notification-url": "https://packagist.org/downloads/",
            "license": [
                "MIT"
            ],
            "authors": [
                {
                    "name": "Justin Hileman",
                    "email": "justin@justinhileman.info",
                    "homepage": "http://justinhileman.com"
                }
            ],
            "description": "A Mustache implementation in PHP.",
            "homepage": "https://github.com/bobthecow/mustache.php",
            "keywords": [
                "mustache",
                "templating"
            ],
            "time": "2014-08-26 19:50:10"
        },
        {
            "name": "nb/oxymel",
            "version": "v0.1.0",
            "source": {
                "type": "git",
                "url": "https://github.com/nb/oxymel.git",
                "reference": "cbe626ef55d5c4cc9b5e6e3904b395861ea76e3c"
            },
            "dist": {
                "type": "zip",
                "url": "https://api.github.com/repos/nb/oxymel/zipball/cbe626ef55d5c4cc9b5e6e3904b395861ea76e3c",
                "reference": "cbe626ef55d5c4cc9b5e6e3904b395861ea76e3c",
                "shasum": ""
            },
            "require": {
                "php": ">=5.2.4"
            },
            "type": "library",
            "autoload": {
                "psr-0": {
                    "Oxymel": ""
                }
            },
            "notification-url": "https://packagist.org/downloads/",
            "license": [
                "MIT"
            ],
            "authors": [
                {
                    "name": "Nikolay Bachiyski",
                    "email": "nb@nikolay.bg",
                    "homepage": "http://extrapolate.me/"
                }
            ],
            "description": "A sweet XML builder",
            "homepage": "https://github.com/nb/oxymel",
            "keywords": [
                "xml"
            ],
            "time": "2013-02-24 15:01:54"
        },
        {
            "name": "rhumsaa/array_column",
            "version": "1.1.2",
            "source": {
                "type": "git",
                "url": "https://github.com/ramsey/array_column.git",
                "reference": "c09744baae0e023d1021055f9c65755b88a9721f"
            },
            "dist": {
                "type": "zip",
                "url": "https://api.github.com/repos/ramsey/array_column/zipball/c09744baae0e023d1021055f9c65755b88a9721f",
                "reference": "c09744baae0e023d1021055f9c65755b88a9721f",
                "shasum": ""
            },
            "type": "library",
            "autoload": {
                "files": [
                    "src/array_column.php"
                ]
            },
            "notification-url": "https://packagist.org/downloads/",
            "license": [
                "MIT"
            ],
            "authors": [
                {
                    "name": "Ben Ramsey",
                    "homepage": "http://benramsey.com",
                    "role": "Developer"
                }
            ],
            "description": "Provides functionality for array_column() to projects using PHP earlier than version 5.5.",
            "homepage": "https://github.com/ramsey/array_column",
            "keywords": [
                "array",
                "array_column",
                "column"
            ],
            "time": "2013-07-22 16:12:38"
        },
        {
            "name": "rmccue/requests",
            "version": "v1.6.1",
            "source": {
                "type": "git",
                "url": "https://github.com/rmccue/Requests.git",
                "reference": "6aac485666c2955077d77b796bbdd25f0013a4ea"
            },
            "dist": {
                "type": "zip",
                "url": "https://api.github.com/repos/rmccue/Requests/zipball/6aac485666c2955077d77b796bbdd25f0013a4ea",
                "reference": "6aac485666c2955077d77b796bbdd25f0013a4ea",
                "shasum": ""
            },
            "require": {
                "php": ">=5.2"
            },
            "require-dev": {
                "satooshi/php-coveralls": "dev-master"
            },
            "type": "library",
            "autoload": {
                "psr-0": {
                    "Requests": "library/"
                }
            },
            "notification-url": "https://packagist.org/downloads/",
            "license": [
                "ISC"
            ],
            "authors": [
                {
                    "name": "Ryan McCue",
                    "homepage": "http://ryanmccue.info"
                }
            ],
            "description": "A HTTP library written in PHP, for human beings.",
            "homepage": "http://github.com/rmccue/Requests",
            "keywords": [
                "curl",
                "fsockopen",
                "http",
                "idna",
                "ipv6",
                "iri",
                "sockets"
            ],
            "time": "2014-05-18 04:59:02"
        },
        {
            "name": "symfony/finder",
            "version": "v2.5.4",
            "target-dir": "Symfony/Component/Finder",
            "source": {
                "type": "git",
                "url": "https://github.com/symfony/Finder.git",
                "reference": "f40854d1a19c339c7f969f8f6d6d6e9153311c4c"
            },
            "dist": {
                "type": "zip",
                "url": "https://api.github.com/repos/symfony/Finder/zipball/f40854d1a19c339c7f969f8f6d6d6e9153311c4c",
                "reference": "f40854d1a19c339c7f969f8f6d6d6e9153311c4c",
                "shasum": ""
            },
            "require": {
                "php": ">=5.3.3"
            },
            "type": "library",
            "extra": {
                "branch-alias": {
                    "dev-master": "2.5-dev"
                }
            },
            "autoload": {
                "psr-0": {
                    "Symfony\\Component\\Finder\\": ""
                }
            },
            "notification-url": "https://packagist.org/downloads/",
            "license": [
                "MIT"
            ],
            "authors": [
                {
                    "name": "Symfony Community",
                    "homepage": "http://symfony.com/contributors"
                },
                {
                    "name": "Fabien Potencier",
                    "email": "fabien@symfony.com"
                }
            ],
            "description": "Symfony Finder Component",
            "homepage": "http://symfony.com",
            "time": "2014-09-03 09:00:14"
        }
    ],
    "packages-dev": [

    ],
    "aliases": [

    ],
    "minimum-stability": "stable",
    "stability-flags": [

    ],
    "prefer-stable": false,
    "platform": {
        "php": ">=5.3.2"
    },
    "platform-dev": [

    ]
}
