{
    "_readme": [
        "This file locks the dependencies of your project to a known state",
        "Read more about it at https://getcomposer.org/doc/01-basic-usage.md#composer-lock-the-lock-file",
        "This file is @generated automatically"
    ],
    "content-hash": "10ca878e144ea0d7a8e2eb1108babe9c",
    "packages": [
        {
            "name": "consolidation/log",
            "version": "1.0.0",
            "source": {
                "type": "git",
                "url": "https://github.com/consolidation/log.git",
                "reference": "74ba81b4edc585616747cc5c5309ce56fec41254"
            },
            "dist": {
                "type": "zip",
                "url": "https://api.github.com/repos/consolidation/log/zipball/74ba81b4edc585616747cc5c5309ce56fec41254",
                "reference": "74ba81b4edc585616747cc5c5309ce56fec41254",
                "shasum": ""
            },
            "require": {
                "php": ">=5.5.0",
                "psr/log": "~1.0",
                "symfony/console": "~2.5|~3.0"
            },
            "require-dev": {
                "phpunit/phpunit": "4.*",
                "squizlabs/php_codesniffer": "2.*"
            },
            "type": "library",
            "extra": {
                "branch-alias": {
                    "dev-master": "1.x-dev"
                }
            },
            "autoload": {
                "psr-4": {
                    "Consolidation\\Log\\": "src"
                }
            },
            "notification-url": "https://packagist.org/downloads/",
            "license": [
                "MIT"
            ],
            "authors": [
                {
                    "name": "Greg Anderson",
                    "email": "greg.1.anderson@greenknowe.org"
                }
            ],
            "description": "Improved Psr-3 / Psr\\Log logger based on Symfony Console components.",
            "time": "2016-03-23T23:46:42+00:00"
        }
    ],
    "packages-dev": [],
    "aliases": [],
    "minimum-stability": "stable",
    "stability-flags": [],
    "prefer-stable": false,
    "prefer-lowest": false,
    "platform": [],
    "platform-dev": []
}
